
Microsoft Visual Studio Solution File, Format Version 12.00
# Visual Studio 15
VisualStudioVersion = 15.0.28307.421
MinimumVisualStudioVersion = 10.0.40219.1
Project("{FAE04EC0-301F-11D3-BF4B-00C04F79EFBC}") = "MVCparcial2", "MVCparcial2\MVCparcial2.csproj", "{7667DA8F-C283-4740-B767-DB27DE2340EF}"
EndProject
Global
	GlobalSection(SolutionConfigurationPlatforms) = preSolution
		Debug|Any CPU = Debug|Any CPU
		Release|Any CPU = Release|Any CPU
	EndGlobalSection
	GlobalSection(ProjectConfigurationPlatforms) = postSolution
		{7667DA8F-C283-4740-B767-DB27DE2340EF}.Debug|Any CPU.ActiveCfg = Debug|Any CPU
		{7667DA8F-C283-4740-B767-DB27DE2340EF}.Debug|Any CPU.Build.0 = Debug|Any CPU
		{7667DA8F-C283-4740-B767-DB27DE2340EF}.Release|Any CPU.ActiveCfg = Release|Any CPU
		{7667DA8F-C283-4740-B767-DB27DE2340EF}.Release|Any CPU.Build.0 = Release|Any CPU
	EndGlobalSection
	GlobalSection(SolutionProperties) = preSolution
		HideSolutionNode = FALSE
	EndGlobalSection
	GlobalSection(ExtensibilityGlobals) = postSolution
		SolutionGuid = {1A73EDBB-8EB1-45EC-808E-284DAAF20A36}
	EndGlobalSection
EndGlobal
