
Microsoft Visual Studio Solution File, Format Version 12.00
# Visual Studio 15
VisualStudioVersion = 15.0.28307.421
MinimumVisualStudioVersion = 10.0.40219.1
Project("{FAE04EC0-301F-11D3-BF4B-00C04F79EFBC}") = "MVCparcial5", "MVCparcial5\MVCparcial5.csproj", "{D8382683-98E6-42A2-B896-F13366383A7A}"
EndProject
Project("{FAE04EC0-301F-11D3-BF4B-00C04F79EFBC}") = "APIparcial", "APIparcial\APIparcial.csproj", "{41419826-EDA9-4F1F-A49C-50EDCD7C2745}"
EndProject
Global
	GlobalSection(SolutionConfigurationPlatforms) = preSolution
		Debug|Any CPU = Debug|Any CPU
		Release|Any CPU = Release|Any CPU
	EndGlobalSection
	GlobalSection(ProjectConfigurationPlatforms) = postSolution
		{D8382683-98E6-42A2-B896-F13366383A7A}.Debug|Any CPU.ActiveCfg = Debug|Any CPU
		{D8382683-98E6-42A2-B896-F13366383A7A}.Debug|Any CPU.Build.0 = Debug|Any CPU
		{D8382683-98E6-42A2-B896-F13366383A7A}.Release|Any CPU.ActiveCfg = Release|Any CPU
		{D8382683-98E6-42A2-B896-F13366383A7A}.Release|Any CPU.Build.0 = Release|Any CPU
		{41419826-EDA9-4F1F-A49C-50EDCD7C2745}.Debug|Any CPU.ActiveCfg = Debug|Any CPU
		{41419826-EDA9-4F1F-A49C-50EDCD7C2745}.Debug|Any CPU.Build.0 = Debug|Any CPU
		{41419826-EDA9-4F1F-A49C-50EDCD7C2745}.Release|Any CPU.ActiveCfg = Release|Any CPU
		{41419826-EDA9-4F1F-A49C-50EDCD7C2745}.Release|Any CPU.Build.0 = Release|Any CPU
	EndGlobalSection
	GlobalSection(SolutionProperties) = preSolution
		HideSolutionNode = FALSE
	EndGlobalSection
	GlobalSection(ExtensibilityGlobals) = postSolution
		SolutionGuid = {4B27179C-9A6A-4E9C-9016-0AD21955F4A2}
	EndGlobalSection
EndGlobal
